
Microsoft Visual Studio Solution File, Format Version 12.00
# Visual Studio Version 17
VisualStudioVersion = 17.1.32421.90
MinimumVisualStudioVersion = 10.0.40219.1
Project("{FAE04EC0-301F-11D3-BF4B-00C04F79EFBC}") = "WarrenTechAcademy.Desafios", "WarrenTechAcademy.Desafios\WarrenTechAcademy.Desafios.csproj", "{532DB71D-5668-4BC7-9D07-CCC83C13646B}"
EndProject
Global
	GlobalSection(SolutionConfigurationPlatforms) = preSolution
		Debug|Any CPU = Debug|Any CPU
		Release|Any CPU = Release|Any CPU
	EndGlobalSection
	GlobalSection(ProjectConfigurationPlatforms) = postSolution
		{532DB71D-5668-4BC7-9D07-CCC83C13646B}.Debug|Any CPU.ActiveCfg = Debug|Any CPU
		{532DB71D-5668-4BC7-9D07-CCC83C13646B}.Debug|Any CPU.Build.0 = Debug|Any CPU
		{532DB71D-5668-4BC7-9D07-CCC83C13646B}.Release|Any CPU.ActiveCfg = Release|Any CPU
		{532DB71D-5668-4BC7-9D07-CCC83C13646B}.Release|Any CPU.Build.0 = Release|Any CPU
	EndGlobalSection
	GlobalSection(SolutionProperties) = preSolution
		HideSolutionNode = FALSE
	EndGlobalSection
	GlobalSection(ExtensibilityGlobals) = postSolution
		SolutionGuid = {611B11D4-2312-4FF8-92F0-9C71B65C22DE}
	EndGlobalSection
EndGlobal
